PODS:
  - RadioGroup (1.4.6):
    - SweeterSwift
  - SweeterSwift (1.2.3)

DEPENDENCIES:
  - RadioGroup

SPEC REPOS:
  trunk:
    - RadioGroup
    - SweeterSwift

SPEC CHECKSUMS:
  RadioGroup: 5dbb3cc52b512b7acce45833c9aecf156d22d2db
  SweeterSwift: 3910bab8ba35b6964d5169a3c52b2c87d930b61c

PODFILE CHECKSUM: 6738eeacfb9c58f2e11d49af0740edf14214afa0

COCOAPODS: 1.12.0
