// !$*UTF8*$!
{
	archiveVersion = 1;
	classes = {
	};
	objectVersion = 56;
	objects = {

/* Begin PBXBuildFile section */
		1305329E2AFE96BF00207064 /* VTTextField.swift in Sources */ = {isa = PBXBuildFile; fileRef = 1305329D2AFE96BF00207064 /* VTTextField.swift */; };
		130532A02AFE9C9700207064 /* VTLabel.swift in Sources */ = {isa = PBXBuildFile; fileRef = 1305329F2AFE9C9700207064 /* VTLabel.swift */; };
		130532A22AFEA3EA00207064 /* VTButton.swift in Sources */ = {isa = PBXBuildFile; fileRef = 130532A12AFEA3EA00207064 /* VTButton.swift */; };
		130532AB2B0216AA00207064 /* InvoiceTableViewCell.swift in Sources */ = {isa = PBXBuildFile; fileRef = 130532AA2B0216AA00207064 /* InvoiceTableViewCell.swift */; };
		130532AD2B0218B700207064 /* VTIncoiceListCellLabel.swift in Sources */ = {isa = PBXBuildFile; fileRef = 130532AC2B0218B700207064 /* VTIncoiceListCellLabel.swift */; };
		136A414F29E09131008BFFB1 /* AppDelegate.swift in Sources */ = {isa = PBXBuildFile; fileRef = 136A414E29E09131008BFFB1 /* AppDelegate.swift */; };
		136A415129E09131008BFFB1 /* SceneDelegate.swift in Sources */ = {isa = PBXBuildFile; fileRef = 136A415029E09131008BFFB1 /* SceneDelegate.swift */; };
		136A415929E09131008BFFB1 /* VATTracker.xcdatamodeld in Sources */ = {isa = PBXBuildFile; fileRef = 136A415729E09131008BFFB1 /* VATTracker.xcdatamodeld */; };
		136A415B29E09132008BFFB1 /* Assets.xcassets in Resources */ = {isa = PBXBuildFile; fileRef = 136A415A29E09132008BFFB1 /* Assets.xcassets */; };
		136A415E29E09132008BFFB1 /* LaunchScreen.storyboard in Resources */ = {isa = PBXBuildFile; fileRef = 136A415C29E09132008BFFB1 /* LaunchScreen.storyboard */; };
		136A416629E09351008BFFB1 /* MainVC.swift in Sources */ = {isa = PBXBuildFile; fileRef = 136A416529E09351008BFFB1 /* MainVC.swift */; };
		136A416829E09443008BFFB1 /* NewInvoiceVC.swift in Sources */ = {isa = PBXBuildFile; fileRef = 136A416729E09443008BFFB1 /* NewInvoiceVC.swift */; };
		136A416A29E29D05008BFFB1 /* CustomTabbarController.swift in Sources */ = {isa = PBXBuildFile; fileRef = 136A416929E29D05008BFFB1 /* CustomTabbarController.swift */; };
		136A416C29E2A387008BFFB1 /* InvoiceListVC.swift in Sources */ = {isa = PBXBuildFile; fileRef = 136A416B29E2A387008BFFB1 /* InvoiceListVC.swift */; };
		1371695B2B08B9000003D992 /* SetNavBarAppearance.swift in Sources */ = {isa = PBXBuildFile; fileRef = 1371695A2B08B9000003D992 /* SetNavBarAppearance.swift */; };
		1371695D2B0E81A70003D992 /* DataFunctions.swift in Sources */ = {isa = PBXBuildFile; fileRef = 1371695C2B0E81A70003D992 /* DataFunctions.swift */; };
		1371695F2B112DD20003D992 /* VatBalanceViewVC.swift in Sources */ = {isa = PBXBuildFile; fileRef = 1371695E2B112DD20003D992 /* VatBalanceViewVC.swift */; };
		137169622B150F220003D992 /* VTAlertVC.swift in Sources */ = {isa = PBXBuildFile; fileRef = 137169612B150F220003D992 /* VTAlertVC.swift */; };
		13AFA3B62B03C30D000D5D51 /* DateToString.swift in Sources */ = {isa = PBXBuildFile; fileRef = 13AFA3B52B03C30D000D5D51 /* DateToString.swift */; };
		13AFA3B92B03ECA3000D5D51 /* TextField+Ext.swift in Sources */ = {isa = PBXBuildFile; fileRef = 13AFA3B82B03ECA3000D5D51 /* TextField+Ext.swift */; };
		13EEA67929E30FFE00A9C0FC /* CashBalanceViewVC.swift in Sources */ = {isa = PBXBuildFile; fileRef = 13EEA67829E30FFE00A9C0FC /* CashBalanceViewVC.swift */; };
		C614529E31F8B38280FF6783 /* Pods_VATTracker.framework in Frameworks */ = {isa = PBXBuildFile; fileRef = CCFD5F1B8705273D65C4179F /* Pods_VATTracker.framework */; };
/* End PBXBuildFile section */

/* Begin PBXFileReference section */
		0952A635EB3D33822EE3E5E0 /* Pods-VATTracker.debug.xcconfig */ = {isa = PBXFileReference; includeInIndex = 1; lastKnownFileType = text.xcconfig; name = "Pods-VATTracker.debug.xcconfig"; path = "Target Support Files/Pods-VATTracker/Pods-VATTracker.debug.xcconfig"; sourceTree = "<group>"; };
		1305329D2AFE96BF00207064 /* VTTextField.swift */ = {isa = PBXFileReference; lastKnownFileType = sourcecode.swift; path = VTTextField.swift; sourceTree = "<group>"; };
		1305329F2AFE9C9700207064 /* VTLabel.swift */ = {isa = PBXFileReference; lastKnownFileType = sourcecode.swift; path = VTLabel.swift; sourceTree = "<group>"; };
		130532A12AFEA3EA00207064 /* VTButton.swift */ = {isa = PBXFileReference; lastKnownFileType = sourcecode.swift; path = VTButton.swift; sourceTree = "<group>"; };
		130532AA2B0216AA00207064 /* InvoiceTableViewCell.swift */ = {isa = PBXFileReference; lastKnownFileType = sourcecode.swift; path = InvoiceTableViewCell.swift; sourceTree = "<group>"; };
		130532AC2B0218B700207064 /* VTIncoiceListCellLabel.swift */ = {isa = PBXFileReference; lastKnownFileType = sourcecode.swift; path = VTIncoiceListCellLabel.swift; sourceTree = "<group>"; };
		136A414B29E09131008BFFB1 /* VATTracker.app */ = {isa = PBXFileReference; explicitFileType = wrapper.application; includeInIndex = 0; path = VATTracker.app; sourceTree = BUILT_PRODUCTS_DIR; };
		136A414E29E09131008BFFB1 /* AppDelegate.swift */ = {isa = PBXFileReference; lastKnownFileType = sourcecode.swift; path = AppDelegate.swift; sourceTree = "<group>"; };
		136A415029E09131008BFFB1 /* SceneDelegate.swift */ = {isa = PBXFileReference; lastKnownFileType = sourcecode.swift; path = SceneDelegate.swift; sourceTree = "<group>"; };
		136A415829E09131008BFFB1 /* VATTracker.xcdatamodel */ = {isa = PBXFileReference; lastKnownFileType = wrapper.xcdatamodel; path = VATTracker.xcdatamodel; sourceTree = "<group>"; };
		136A415A29E09132008BFFB1 /* Assets.xcassets */ = {isa = PBXFileReference; lastKnownFileType = folder.assetcatalog; path = Assets.xcassets; sourceTree = "<group>"; };
		136A415D29E09132008BFFB1 /* Base */ = {isa = PBXFileReference; lastKnownFileType = file.storyboard; name = Base; path = Base.lproj/LaunchScreen.storyboard; sourceTree = "<group>"; };
		136A415F29E09132008BFFB1 /* Info.plist */ = {isa = PBXFileReference; lastKnownFileType = text.plist.xml; path = Info.plist; sourceTree = "<group>"; };
		136A416529E09351008BFFB1 /* MainVC.swift */ = {isa = PBXFileReference; lastKnownFileType = sourcecode.swift; path = MainVC.swift; sourceTree = "<group>"; };
		136A416729E09443008BFFB1 /* NewInvoiceVC.swift */ = {isa = PBXFileReference; lastKnownFileType = sourcecode.swift; path = NewInvoiceVC.swift; sourceTree = "<group>"; };
		136A416929E29D05008BFFB1 /* CustomTabbarController.swift */ = {isa = PBXFileReference; lastKnownFileType = sourcecode.swift; path = CustomTabbarController.swift; sourceTree = "<group>"; };
		136A416B29E2A387008BFFB1 /* InvoiceListVC.swift */ = {isa = PBXFileReference; lastKnownFileType = sourcecode.swift; path = InvoiceListVC.swift; sourceTree = "<group>"; };
		1371695A2B08B9000003D992 /* SetNavBarAppearance.swift */ = {isa = PBXFileReference; lastKnownFileType = sourcecode.swift; path = SetNavBarAppearance.swift; sourceTree = "<group>"; };
		1371695C2B0E81A70003D992 /* DataFunctions.swift */ = {isa = PBXFileReference; lastKnownFileType = sourcecode.swift; path = DataFunctions.swift; sourceTree = "<group>"; };
		1371695E2B112DD20003D992 /* VatBalanceViewVC.swift */ = {isa = PBXFileReference; lastKnownFileType = sourcecode.swift; path = VatBalanceViewVC.swift; sourceTree = "<group>"; };
		137169612B150F220003D992 /* VTAlertVC.swift */ = {isa = PBXFileReference; lastKnownFileType = sourcecode.swift; path = VTAlertVC.swift; sourceTree = "<group>"; };
		13AFA3B52B03C30D000D5D51 /* DateToString.swift */ = {isa = PBXFileReference; lastKnownFileType = sourcecode.swift; path = DateToString.swift; sourceTree = "<group>"; };
		13AFA3B82B03ECA3000D5D51 /* TextField+Ext.swift */ = {isa = PBXFileReference; lastKnownFileType = sourcecode.swift; path = "TextField+Ext.swift"; sourceTree = "<group>"; };
		13EEA67829E30FFE00A9C0FC /* CashBalanceViewVC.swift */ = {isa = PBXFileReference; lastKnownFileType = sourcecode.swift; path = CashBalanceViewVC.swift; sourceTree = "<group>"; };
		539A41F840F6D6321FF70067 /* Pods-VATTracker.release.xcconfig */ = {isa = PBXFileReference; includeInIndex = 1; lastKnownFileType = text.xcconfig; name = "Pods-VATTracker.release.xcconfig"; path = "Target Support Files/Pods-VATTracker/Pods-VATTracker.release.xcconfig"; sourceTree = "<group>"; };
		CCFD5F1B8705273D65C4179F /* Pods_VATTracker.framework */ = {isa = PBXFileReference; explicitFileType = wrapper.framework; includeInIndex = 0; path = Pods_VATTracker.framework; sourceTree = BUILT_PRODUCTS_DIR; };
/* End PBXFileReference section */

/* Begin PBXFrameworksBuildPhase section */
		136A414829E09131008BFFB1 /* Frameworks */ = {
			isa = PBXFrameworksBuildPhase;
			buildActionMask = 2147483647;
			files = (
				C614529E31F8B38280FF6783 /* Pods_VATTracker.framework in Frameworks */,
			);
			runOnlyForDeploymentPostprocessing = 0;
		};
/* End PBXFrameworksBuildPhase section */

/* Begin PBXGroup section */
		130532A32AFEA3F100207064 /* Custom Views */ = {
			isa = PBXGroup;
			children = (
				137169602B150EF50003D992 /* AlertViews */,
				130532A92B02168B00207064 /* Cells */,
				130532A52B02163D00207064 /* TextFields */,
				130532A62B02164800207064 /* Labels */,
				130532A72B02164F00207064 /* Buttons */,
			);
			path = "Custom Views";
			sourceTree = "<group>";
		};
		130532A42B02160C00207064 /* Support */ = {
			isa = PBXGroup;
			children = (
				136A414E29E09131008BFFB1 /* AppDelegate.swift */,
				136A415029E09131008BFFB1 /* SceneDelegate.swift */,
				136A415A29E09132008BFFB1 /* Assets.xcassets */,
				136A415C29E09132008BFFB1 /* LaunchScreen.storyboard */,
			);
			path = Support;
			sourceTree = "<group>";
		};
		130532A52B02163D00207064 /* TextFields */ = {
			isa = PBXGroup;
			children = (
				1305329D2AFE96BF00207064 /* VTTextField.swift */,
			);
			path = TextFields;
			sourceTree = "<group>";
		};
		130532A62B02164800207064 /* Labels */ = {
			isa = PBXGroup;
			children = (
				1305329F2AFE9C9700207064 /* VTLabel.swift */,
				130532AC2B0218B700207064 /* VTIncoiceListCellLabel.swift */,
			);
			path = Labels;
			sourceTree = "<group>";
		};
		130532A72B02164F00207064 /* Buttons */ = {
			isa = PBXGroup;
			children = (
				130532A12AFEA3EA00207064 /* VTButton.swift */,
			);
			path = Buttons;
			sourceTree = "<group>";
		};
		130532A82B02166700207064 /* Various */ = {
			isa = PBXGroup;
			children = (
				136A416929E29D05008BFFB1 /* CustomTabbarController.swift */,
			);
			path = Various;
			sourceTree = "<group>";
		};
		130532A92B02168B00207064 /* Cells */ = {
			isa = PBXGroup;
			children = (
				130532AA2B0216AA00207064 /* InvoiceTableViewCell.swift */,
			);
			path = Cells;
			sourceTree = "<group>";
		};
		130532AE2B0226AC00207064 /* Models */ = {
			isa = PBXGroup;
			children = (
			);
			path = Models;
			sourceTree = "<group>";
		};
		136A414229E09131008BFFB1 = {
			isa = PBXGroup;
			children = (
				136A414D29E09131008BFFB1 /* VATTracker */,
				136A414C29E09131008BFFB1 /* Products */,
				A401B1680D76486B696BAABC /* Pods */,
				6E148BB75C94423A3BF25A0A /* Frameworks */,
			);
			sourceTree = "<group>";
		};
		136A414C29E09131008BFFB1 /* Products */ = {
			isa = PBXGroup;
			children = (
				136A414B29E09131008BFFB1 /* VATTracker.app */,
			);
			name = Products;
			sourceTree = "<group>";
		};
		136A414D29E09131008BFFB1 /* VATTracker */ = {
			isa = PBXGroup;
			children = (
				13AFA3B72B03EC92000D5D51 /* Extensions */,
				13AFA3B42B03C2FC000D5D51 /* Utilities */,
				130532AE2B0226AC00207064 /* Models */,
				136A416D29E2A924008BFFB1 /* Screens */,
				130532A42B02160C00207064 /* Support */,
				130532A32AFEA3F100207064 /* Custom Views */,
				130532A82B02166700207064 /* Various */,
				136A415F29E09132008BFFB1 /* Info.plist */,
				136A415729E09131008BFFB1 /* VATTracker.xcdatamodeld */,
			);
			path = VATTracker;
			sourceTree = "<group>";
		};
		136A416D29E2A924008BFFB1 /* Screens */ = {
			isa = PBXGroup;
			children = (
				136A416529E09351008BFFB1 /* MainVC.swift */,
				136A416729E09443008BFFB1 /* NewInvoiceVC.swift */,
				136A416B29E2A387008BFFB1 /* InvoiceListVC.swift */,
				13EEA67829E30FFE00A9C0FC /* CashBalanceViewVC.swift */,
				1371695E2B112DD20003D992 /* VatBalanceViewVC.swift */,
			);
			path = Screens;
			sourceTree = "<group>";
		};
		137169602B150EF50003D992 /* AlertViews */ = {
			isa = PBXGroup;
			children = (
				137169612B150F220003D992 /* VTAlertVC.swift */,
			);
			path = AlertViews;
			sourceTree = "<group>";
		};
		13AFA3B42B03C2FC000D5D51 /* Utilities */ = {
			isa = PBXGroup;
			children = (
				13AFA3B52B03C30D000D5D51 /* DateToString.swift */,
				1371695A2B08B9000003D992 /* SetNavBarAppearance.swift */,
				1371695C2B0E81A70003D992 /* DataFunctions.swift */,
			);
			path = Utilities;
			sourceTree = "<group>";
		};
		13AFA3B72B03EC92000D5D51 /* Extensions */ = {
			isa = PBXGroup;
			children = (
				13AFA3B82B03ECA3000D5D51 /* TextField+Ext.swift */,
			);
			path = Extensions;
			sourceTree = "<group>";
		};
		6E148BB75C94423A3BF25A0A /* Frameworks */ = {
			isa = PBXGroup;
			children = (
				CCFD5F1B8705273D65C4179F /* Pods_VATTracker.framework */,
			);
			name = Frameworks;
			sourceTree = "<group>";
		};
		A401B1680D76486B696BAABC /* Pods */ = {
			isa = PBXGroup;
			children = (
				0952A635EB3D33822EE3E5E0 /* Pods-VATTracker.debug.xcconfig */,
				539A41F840F6D6321FF70067 /* Pods-VATTracker.release.xcconfig */,
			);
			path = Pods;
			sourceTree = "<group>";
		};
/* End PBXGroup section */

/* Begin PBXNativeTarget section */
		136A414A29E09131008BFFB1 /* VATTracker */ = {
			isa = PBXNativeTarget;
			buildConfigurationList = 136A416229E09132008BFFB1 /* Build configuration list for PBXNativeTarget "VATTracker" */;
			buildPhases = (
				9F65AB323731DD7324A3ECEB /* [CP] Check Pods Manifest.lock */,
				136A414729E09131008BFFB1 /* Sources */,
				136A414829E09131008BFFB1 /* Frameworks */,
				136A414929E09131008BFFB1 /* Resources */,
				BAFCB108E800EF6ECDDF3382 /* [CP] Embed Pods Frameworks */,
			);
			buildRules = (
			);
			dependencies = (
			);
			name = VATTracker;
			productName = VATTracker;
			productReference = 136A414B29E09131008BFFB1 /* VATTracker.app */;
			productType = "com.apple.product-type.application";
		};
/* End PBXNativeTarget section */

/* Begin PBXProject section */
		136A414329E09131008BFFB1 /* Project object */ = {
			isa = PBXProject;
			attributes = {
				BuildIndependentTargetsInParallel = 1;
				LastSwiftUpdateCheck = 1410;
				LastUpgradeCheck = 1410;
				TargetAttributes = {
					136A414A29E09131008BFFB1 = {
						CreatedOnToolsVersion = 14.1;
					};
				};
			};
			buildConfigurationList = 136A414629E09131008BFFB1 /* Build configuration list for PBXProject "VATTracker" */;
			compatibilityVersion = "Xcode 14.0";
			developmentRegion = en;
			hasScannedForEncodings = 0;
			knownRegions = (
				en,
				Base,
			);
			mainGroup = 136A414229E09131008BFFB1;
			productRefGroup = 136A414C29E09131008BFFB1 /* Products */;
			projectDirPath = "";
			projectRoot = "";
			targets = (
				136A414A29E09131008BFFB1 /* VATTracker */,
			);
		};
/* End PBXProject section */

/* Begin PBXResourcesBuildPhase section */
		136A414929E09131008BFFB1 /* Resources */ = {
			isa = PBXResourcesBuildPhase;
			buildActionMask = 2147483647;
			files = (
				136A415E29E09132008BFFB1 /* LaunchScreen.storyboard in Resources */,
				136A415B29E09132008BFFB1 /* Assets.xcassets in Resources */,
			);
			runOnlyForDeploymentPostprocessing = 0;
		};
/* End PBXResourcesBuildPhase section */

/* Begin PBXShellScriptBuildPhase section */
		9F65AB323731DD7324A3ECEB /* [CP] Check Pods Manifest.lock */ = {
			isa = PBXShellScriptBuildPhase;
			buildActionMask = 2147483647;
			files = (
			);
			inputFileListPaths = (
			);
			inputPaths = (
				"${PODS_PODFILE_DIR_PATH}/Podfile.lock",
				"${PODS_ROOT}/Manifest.lock",
			);
			name = "[CP] Check Pods Manifest.lock";
			outputFileListPaths = (
			);
			outputPaths = (
				"$(DERIVED_FILE_DIR)/Pods-VATTracker-checkManifestLockResult.txt",
			);
			runOnlyForDeploymentPostprocessing = 0;
			shellPath = /bin/sh;
			shellScript = "diff \"${PODS_PODFILE_DIR_PATH}/Podfile.lock\" \"${PODS_ROOT}/Manifest.lock\" > /dev/null\nif [ $? != 0 ] ; then\n    # print error to STDERR\n    echo \"error: The sandbox is not in sync with the Podfile.lock. Run 'pod install' or update your CocoaPods installation.\" >&2\n    exit 1\nfi\n# This output is used by Xcode 'outputs' to avoid re-running this script phase.\necho \"SUCCESS\" > \"${SCRIPT_OUTPUT_FILE_0}\"\n";
			showEnvVarsInLog = 0;
		};
		BAFCB108E800EF6ECDDF3382 /* [CP] Embed Pods Frameworks */ = {
			isa = PBXShellScriptBuildPhase;
			buildActionMask = 2147483647;
			files = (
			);
			inputFileListPaths = (
				"${PODS_ROOT}/Target Support Files/Pods-VATTracker/Pods-VATTracker-frameworks-${CONFIGURATION}-input-files.xcfilelist",
			);
			name = "[CP] Embed Pods Frameworks";
			outputFileListPaths = (
				"${PODS_ROOT}/Target Support Files/Pods-VATTracker/Pods-VATTracker-frameworks-${CONFIGURATION}-output-files.xcfilelist",
			);
			runOnlyForDeploymentPostprocessing = 0;
			shellPath = /bin/sh;
			shellScript = "\"${PODS_ROOT}/Target Support Files/Pods-VATTracker/Pods-VATTracker-frameworks.sh\"\n";
			showEnvVarsInLog = 0;
		};
/* End PBXShellScriptBuildPhase section */

/* Begin PBXSourcesBuildPhase section */
		136A414729E09131008BFFB1 /* Sources */ = {
			isa = PBXSourcesBuildPhase;
			buildActionMask = 2147483647;
			files = (
				1371695D2B0E81A70003D992 /* DataFunctions.swift in Sources */,
				130532A02AFE9C9700207064 /* VTLabel.swift in Sources */,
				136A416629E09351008BFFB1 /* MainVC.swift in Sources */,
				136A414F29E09131008BFFB1 /* AppDelegate.swift in Sources */,
				130532AD2B0218B700207064 /* VTIncoiceListCellLabel.swift in Sources */,
				137169622B150F220003D992 /* VTAlertVC.swift in Sources */,
				136A415929E09131008BFFB1 /* VATTracker.xcdatamodeld in Sources */,
				13AFA3B62B03C30D000D5D51 /* DateToString.swift in Sources */,
				1305329E2AFE96BF00207064 /* VTTextField.swift in Sources */,
				136A415129E09131008BFFB1 /* SceneDelegate.swift in Sources */,
				136A416C29E2A387008BFFB1 /* InvoiceListVC.swift in Sources */,
				136A416A29E29D05008BFFB1 /* CustomTabbarController.swift in Sources */,
				1371695B2B08B9000003D992 /* SetNavBarAppearance.swift in Sources */,
				1371695F2B112DD20003D992 /* VatBalanceViewVC.swift in Sources */,
				130532A22AFEA3EA00207064 /* VTButton.swift in Sources */,
				130532AB2B0216AA00207064 /* InvoiceTableViewCell.swift in Sources */,
				13AFA3B92B03ECA3000D5D51 /* TextField+Ext.swift in Sources */,
				13EEA67929E30FFE00A9C0FC /* CashBalanceViewVC.swift in Sources */,
				136A416829E09443008BFFB1 /* NewInvoiceVC.swift in Sources */,
			);
			runOnlyForDeploymentPostprocessing = 0;
		};
/* End PBXSourcesBuildPhase section */

/* Begin PBXVariantGroup section */
		136A415C29E09132008BFFB1 /* LaunchScreen.storyboard */ = {
			isa = PBXVariantGroup;
			children = (
				136A415D29E09132008BFFB1 /* Base */,
			);
			name = LaunchScreen.storyboard;
			sourceTree = "<group>";
		};
/* End PBXVariantGroup section */

/* Begin XCBuildConfiguration section */
		136A416029E09132008BFFB1 /* Debug */ = {
			isa = XCBuildConfiguration;
			buildSettings = {
				ALWAYS_SEARCH_USER_PATHS = NO;
				CLANG_ANALYZER_NONNULL = YES;
				CLANG_ANALYZER_NUMBER_OBJECT_CONVERSION = YES_AGGRESSIVE;
				CLANG_CXX_LANGUAGE_STANDARD = "gnu++20";
				CLANG_ENABLE_MODULES = YES;
				CLANG_ENABLE_OBJC_ARC = YES;
				CLANG_ENABLE_OBJC_WEAK = YES;
				CLANG_WARN_BLOCK_CAPTURE_AUTORELEASING = YES;
				CLANG_WARN_BOOL_CONVERSION = YES;
				CLANG_WARN_COMMA = YES;
				CLANG_WARN_CONSTANT_CONVERSION = YES;
				CLANG_WARN_DEPRECATED_OBJC_IMPLEMENTATIONS = YES;
				CLANG_WARN_DIRECT_OBJC_ISA_USAGE = YES_ERROR;
				CLANG_WARN_DOCUMENTATION_COMMENTS = YES;
				CLANG_WARN_EMPTY_BODY = YES;
				CLANG_WARN_ENUM_CONVERSION = YES;
				CLANG_WARN_INFINITE_RECURSION = YES;
				CLANG_WARN_INT_CONVERSION = YES;
				CLANG_WARN_NON_LITERAL_NULL_CONVERSION = YES;
				CLANG_WARN_OBJC_IMPLICIT_RETAIN_SELF = YES;
				CLANG_WARN_OBJC_LITERAL_CONVERSION = YES;
				CLANG_WARN_OBJC_ROOT_CLASS = YES_ERROR;
				CLANG_WARN_QUOTED_INCLUDE_IN_FRAMEWORK_HEADER = YES;
				CLANG_WARN_RANGE_LOOP_ANALYSIS = YES;
				CLANG_WARN_STRICT_PROTOTYPES = YES;
				CLANG_WARN_SUSPICIOUS_MOVE = YES;
				CLANG_WARN_UNGUARDED_AVAILABILITY = YES_AGGRESSIVE;
				CLANG_WARN_UNREACHABLE_CODE = YES;
				CLANG_WARN__DUPLICATE_METHOD_MATCH = YES;
				COPY_PHASE_STRIP = NO;
				DEBUG_INFORMATION_FORMAT = dwarf;
				ENABLE_STRICT_OBJC_MSGSEND = YES;
				ENABLE_TESTABILITY = YES;
				GCC_C_LANGUAGE_STANDARD = gnu11;
				GCC_DYNAMIC_NO_PIC = NO;
				GCC_NO_COMMON_BLOCKS = YES;
				GCC_OPTIMIZATION_LEVEL = 0;
				GCC_PREPROCESSOR_DEFINITIONS = (
					"DEBUG=1",
					"$(inherited)",
				);
				GCC_WARN_64_TO_32_BIT_CONVERSION = YES;
				GCC_WARN_ABOUT_RETURN_TYPE = YES_ERROR;
				GCC_WARN_UNDECLARED_SELECTOR = YES;
				GCC_WARN_UNINITIALIZED_AUTOS = YES_AGGRESSIVE;
				GCC_WARN_UNUSED_FUNCTION = YES;
				GCC_WARN_UNUSED_VARIABLE = YES;
				IPHONEOS_DEPLOYMENT_TARGET = 16.1;
				MTL_ENABLE_DEBUG_INFO = INCLUDE_SOURCE;
				MTL_FAST_MATH = YES;
				ONLY_ACTIVE_ARCH = YES;
				SDKROOT = iphoneos;
				SWIFT_ACTIVE_COMPILATION_CONDITIONS = DEBUG;
				SWIFT_OPTIMIZATION_LEVEL = "-Onone";
			};
			name = Debug;
		};
		136A416129E09132008BFFB1 /* Release */ = {
			isa = XCBuildConfiguration;
			buildSettings = {
				ALWAYS_SEARCH_USER_PATHS = NO;
				CLANG_ANALYZER_NONNULL = YES;
				CLANG_ANALYZER_NUMBER_OBJECT_CONVERSION = YES_AGGRESSIVE;
				CLANG_CXX_LANGUAGE_STANDARD = "gnu++20";
				CLANG_ENABLE_MODULES = YES;
				CLANG_ENABLE_OBJC_ARC = YES;
				CLANG_ENABLE_OBJC_WEAK = YES;
				CLANG_WARN_BLOCK_CAPTURE_AUTORELEASING = YES;
				CLANG_WARN_BOOL_CONVERSION = YES;
				CLANG_WARN_COMMA = YES;
				CLANG_WARN_CONSTANT_CONVERSION = YES;
				CLANG_WARN_DEPRECATED_OBJC_IMPLEMENTATIONS = YES;
				CLANG_WARN_DIRECT_OBJC_ISA_USAGE = YES_ERROR;
				CLANG_WARN_DOCUMENTATION_COMMENTS = YES;
				CLANG_WARN_EMPTY_BODY = YES;
				CLANG_WARN_ENUM_CONVERSION = YES;
				CLANG_WARN_INFINITE_RECURSION = YES;
				CLANG_WARN_INT_CONVERSION = YES;
				CLANG_WARN_NON_LITERAL_NULL_CONVERSION = YES;
				CLANG_WARN_OBJC_IMPLICIT_RETAIN_SELF = YES;
				CLANG_WARN_OBJC_LITERAL_CONVERSION = YES;
				CLANG_WARN_OBJC_ROOT_CLASS = YES_ERROR;
				CLANG_WARN_QUOTED_INCLUDE_IN_FRAMEWORK_HEADER = YES;
				CLANG_WARN_RANGE_LOOP_ANALYSIS = YES;
				CLANG_WARN_STRICT_PROTOTYPES = YES;
				CLANG_WARN_SUSPICIOUS_MOVE = YES;
				CLANG_WARN_UNGUARDED_AVAILABILITY = YES_AGGRESSIVE;
				CLANG_WARN_UNREACHABLE_CODE = YES;
				CLANG_WARN__DUPLICATE_METHOD_MATCH = YES;
				COPY_PHASE_STRIP = NO;
				DEBUG_INFORMATION_FORMAT = "dwarf-with-dsym";
				ENABLE_NS_ASSERTIONS = NO;
				ENABLE_STRICT_OBJC_MSGSEND = YES;
				GCC_C_LANGUAGE_STANDARD = gnu11;
				GCC_NO_COMMON_BLOCKS = YES;
				GCC_WARN_64_TO_32_BIT_CONVERSION = YES;
				GCC_WARN_ABOUT_RETURN_TYPE = YES_ERROR;
				GCC_WARN_UNDECLARED_SELECTOR = YES;
				GCC_WARN_UNINITIALIZED_AUTOS = YES_AGGRESSIVE;
				GCC_WARN_UNUSED_FUNCTION = YES;
				GCC_WARN_UNUSED_VARIABLE = YES;
				IPHONEOS_DEPLOYMENT_TARGET = 16.1;
				MTL_ENABLE_DEBUG_INFO = NO;
				MTL_FAST_MATH = YES;
				SDKROOT = iphoneos;
				SWIFT_COMPILATION_MODE = wholemodule;
				SWIFT_OPTIMIZATION_LEVEL = "-O";
				VALIDATE_PRODUCT = YES;
			};
			name = Release;
		};
		136A416329E09132008BFFB1 /* Debug */ = {
			isa = XCBuildConfiguration;
			baseConfigurationReference = 0952A635EB3D33822EE3E5E0 /* Pods-VATTracker.debug.xcconfig */;
			buildSettings = {
				ASSETCATALOG_COMPILER_APPICON_NAME = AppIcon;
				ASSETCATALOG_COMPILER_GLOBAL_ACCENT_COLOR_NAME = AccentColor;
				CODE_SIGN_STYLE = Automatic;
				CURRENT_PROJECT_VERSION = 1;
				DEVELOPMENT_TEAM = 37A235Q5UF;
				GENERATE_INFOPLIST_FILE = YES;
				INFOPLIST_FILE = VATTracker/Info.plist;
				INFOPLIST_KEY_UIApplicationSupportsIndirectInputEvents = YES;
				INFOPLIST_KEY_UILaunchStoryboardName = LaunchScreen;
				INFOPLIST_KEY_UIMainStoryboardFile = "";
				INFOPLIST_KEY_UISupportedInterfaceOrientations = UIInterfaceOrientationPortrait;
				IPHONEOS_DEPLOYMENT_TARGET = 13.0;
				LD_RUNPATH_SEARCH_PATHS = (
					"$(inherited)",
					"@executable_path/Frameworks",
				);
				MARKETING_VERSION = 1.0;
				PRODUCT_BUNDLE_IDENTIFIER = com.tzikoulisathan.VATTracker;
				PRODUCT_NAME = "$(TARGET_NAME)";
				SWIFT_EMIT_LOC_STRINGS = YES;
				SWIFT_VERSION = 5.0;
				TARGETED_DEVICE_FAMILY = "1,2";
			};
			name = Debug;
		};
		136A416429E09132008BFFB1 /* Release */ = {
			isa = XCBuildConfiguration;
			baseConfigurationReference = 539A41F840F6D6321FF70067 /* Pods-VATTracker.release.xcconfig */;
			buildSettings = {
				ASSETCATALOG_COMPILER_APPICON_NAME = AppIcon;
				ASSETCATALOG_COMPILER_GLOBAL_ACCENT_COLOR_NAME = AccentColor;
				CODE_SIGN_STYLE = Automatic;
				CURRENT_PROJECT_VERSION = 1;
				DEVELOPMENT_TEAM = 37A235Q5UF;
				GENERATE_INFOPLIST_FILE = YES;
				INFOPLIST_FILE = VATTracker/Info.plist;
				INFOPLIST_KEY_UIApplicationSupportsIndirectInputEvents = YES;
				INFOPLIST_KEY_UILaunchStoryboardName = LaunchScreen;
				INFOPLIST_KEY_UIMainStoryboardFile = "";
				INFOPLIST_KEY_UISupportedInterfaceOrientations = UIInterfaceOrientationPortrait;
				IPHONEOS_DEPLOYMENT_TARGET = 13.0;
				LD_RUNPATH_SEARCH_PATHS = (
					"$(inherited)",
					"@executable_path/Frameworks",
				);
				MARKETING_VERSION = 1.0;
				PRODUCT_BUNDLE_IDENTIFIER = com.tzikoulisathan.VATTracker;
				PRODUCT_NAME = "$(TARGET_NAME)";
				SWIFT_EMIT_LOC_STRINGS = YES;
				SWIFT_VERSION = 5.0;
				TARGETED_DEVICE_FAMILY = "1,2";
			};
			name = Release;
		};
/* End XCBuildConfiguration section */

/* Begin XCConfigurationList section */
		136A414629E09131008BFFB1 /* Build configuration list for PBXProject "VATTracker" */ = {
			isa = XCConfigurationList;
			buildConfigurations = (
				136A416029E09132008BFFB1 /* Debug */,
				136A416129E09132008BFFB1 /* Release */,
			);
			defaultConfigurationIsVisible = 0;
			defaultConfigurationName = Release;
		};
		136A416229E09132008BFFB1 /* Build configuration list for PBXNativeTarget "VATTracker" */ = {
			isa = XCConfigurationList;
			buildConfigurations = (
				136A416329E09132008BFFB1 /* Debug */,
				136A416429E09132008BFFB1 /* Release */,
			);
			defaultConfigurationIsVisible = 0;
			defaultConfigurationName = Release;
		};
/* End XCConfigurationList section */

/* Begin XCVersionGroup section */
		136A415729E09131008BFFB1 /* VATTracker.xcdatamodeld */ = {
			isa = XCVersionGroup;
			children = (
				136A415829E09131008BFFB1 /* VATTracker.xcdatamodel */,
			);
			currentVersion = 136A415829E09131008BFFB1 /* VATTracker.xcdatamodel */;
			path = VATTracker.xcdatamodeld;
			sourceTree = "<group>";
			versionGroupType = wrapper.xcdatamodel;
		};
/* End XCVersionGroup section */
	};
	rootObject = 136A414329E09131008BFFB1 /* Project object */;
}
